
Microsoft Visual Studio Solution File, Format Version 12.00
# Visual Studio 15
VisualStudioVersion = 15.0.26430.16
MinimumVisualStudioVersion = 10.0.40219.1
Project("{9A19103F-16F7-4668-BE54-9A1E7A4F7556}") = "OYMLCN.Extension", "OYMLCN.Extension\OYMLCN.Extension.csproj", "{930E23A5-3FE2-434C-BDFD-1F9C0E0A2E92}"
EndProject
Project("{9A19103F-16F7-4668-BE54-9A1E7A4F7556}") = "OYMLCN.HtmlAgilityPack", "OYMLCN.HtmlAgilityPack\OYMLCN.HtmlAgilityPack.csproj", "{C35801C7-4A38-4AAF-856E-12E6FB7D62C3}"
EndProject
Project("{9A19103F-16F7-4668-BE54-9A1E7A4F7556}") = "OYMLCN.Json", "OYMLCN.Json\OYMLCN.Json.csproj", "{8C4181F4-0880-49B9-8E36-1C63EDD4A21E}"
EndProject
Project("{2150E333-8FDC-42A3-9474-1A3956D46DE8}") = "Net", "Net", "{19A5B87F-B2AE-4633-8823-7091E75A8101}"
EndProject
Project("{9A19103F-16F7-4668-BE54-9A1E7A4F7556}") = "OYMLCN.MahApps.Metro", "OYMLCN.MahApps.Metro\OYMLCN.MahApps.Metro.csproj", "{BBC0BBEA-78F2-4D30-941C-F6F494641443}"
EndProject
Project("{2150E333-8FDC-42A3-9474-1A3956D46DE8}") = "Test", "Test", "{703EED83-2678-46AF-B5D6-F0F6F18D7149}"
EndProject
Project("{9A19103F-16F7-4668-BE54-9A1E7A4F7556}") = "OYMLCN.Public.SpecialTest", "OYMLCN.Public.SpecialTest\OYMLCN.Public.SpecialTest.csproj", "{2EBF58BF-706E-4DF0-B64B-954CD96D3E74}"
EndProject
Project("{9A19103F-16F7-4668-BE54-9A1E7A4F7556}") = "OYMLCN.Public.Test", "OYMLCN.Public.Test\OYMLCN.Public.Test.csproj", "{D6406DC1-18DF-4BE3-9C5F-EDE652586C37}"
EndProject
Project("{9A19103F-16F7-4668-BE54-9A1E7A4F7556}") = "OYMLCN.Tessract", "OYMLCN.Tessract\OYMLCN.Tessract.csproj", "{D3802023-6DC5-4211-BDE6-CDFA9F8F393A}"
EndProject
Project("{9A19103F-16F7-4668-BE54-9A1E7A4F7556}") = "OYMLCN.Web", "OYMLCN.Web\OYMLCN.Web.csproj", "{AB905395-2C54-45E0-8BEB-2B5AB4155715}"
EndProject
Project("{9A19103F-16F7-4668-BE54-9A1E7A4F7556}") = "OYMLCN.Web.Api", "OYMLCN.Web.Api\OYMLCN.Web.Api.csproj", "{96EE24E5-2F41-4BCB-A2D6-5563975B6B49}"
EndProject
Project("{9A19103F-16F7-4668-BE54-9A1E7A4F7556}") = "OYMLCN.Web.Mvc", "OYMLCN.Web.Mvc\OYMLCN.Web.Mvc.csproj", "{71793972-6F06-469A-855C-9D8F464B2A71}"
EndProject
Project("{9A19103F-16F7-4668-BE54-9A1E7A4F7556}") = "OYMLCN.WeChat", "OYMLCN.WeChat\OYMLCN.WeChat.csproj", "{741CBA79-4DC9-4115-A0AF-679C4E71C4A8}"
EndProject
Project("{9A19103F-16F7-4668-BE54-9A1E7A4F7556}") = "OYMLCN.WeChat.Api.Core", "OYMLCN.WeChat.Api\OYMLCN.WeChat.Api.Core.csproj", "{8A3ADE10-FA5B-4CFD-ADF2-EC264365F48B}"
EndProject
Project("{9A19103F-16F7-4668-BE54-9A1E7A4F7556}") = "OYMLCN.WeChat.Core", "OYMLCN.WeChat.Core\OYMLCN.WeChat.Core.csproj", "{E28EF229-22BA-4556-8082-15D15427C361}"
EndProject
Project("{9A19103F-16F7-4668-BE54-9A1E7A4F7556}") = "OYMLCN.WindowsPresentationFoundation", "OYMLCN.WindowsPresentationFoundation\OYMLCN.WindowsPresentationFoundation.csproj", "{FEE8C2DE-533A-487D-BB6E-BA3CF682D471}"
EndProject
Project("{9A19103F-16F7-4668-BE54-9A1E7A4F7556}") = "OYMLCN.WinformControl", "OYMLCN.WinformControl\OYMLCN.WinformControl.csproj", "{F6FF493F-C2BD-4DB9-9C01-D112E7C4001B}"
EndProject
Project("{9A19103F-16F7-4668-BE54-9A1E7A4F7556}") = "OYMLCN.WPF.WebBrowser", "OYMLCN.WPF.WebBrowser\OYMLCN.WPF.WebBrowser.csproj", "{154FB1E6-51D8-45E1-9845-02E9F5815DC2}"
EndProject
Project("{9A19103F-16F7-4668-BE54-9A1E7A4F7556}") = "OYMLCN.Xml", "OYMLCN.Xml\OYMLCN.Xml.csproj", "{1E618464-6801-4634-9114-DAFED8F7413B}"
EndProject
Project("{9A19103F-16F7-4668-BE54-9A1E7A4F7556}") = "OYMLCN.WebDriver", "OYMLCN.WebDriver\OYMLCN.WebDriver.csproj", "{DD9EA17D-5D10-46CB-9102-F9213ED8768E}"
EndProject
Project("{9A19103F-16F7-4668-BE54-9A1E7A4F7556}") = "OYMLCN.Word.Segmentation", "OYMLCN.Word.Segmentation\OYMLCN.Word.Segmentation.csproj", "{352E6B6A-439F-4999-B96D-45AB9B11503F}"
EndProject
Project("{2150E333-8FDC-42A3-9474-1A3956D46DE8}") = "OYMLCN.Web", "OYMLCN.Web", "{57DB9BCD-488A-47BA-AB95-33636C6EA27A}"
EndProject
Project("{2150E333-8FDC-42A3-9474-1A3956D46DE8}") = "OYMLCN.WeChat", "OYMLCN.WeChat", "{21307051-E9EE-4B02-A118-2ED4068E3974}"
EndProject
Project("{9A19103F-16F7-4668-BE54-9A1E7A4F7556}") = "OYMLCN.Word.Keywords", "OYMLCN.Word.Keywords\OYMLCN.Word.Keywords.csproj", "{F8688C10-8B08-44DC-819B-486AEC9DA01A}"
EndProject
Project("{FAE04EC0-301F-11D3-BF4B-00C04F79EFBC}") = "OYMLCN.Word.Pinyin", "OYMLCN.Word.Pinyin\OYMLCN.Word.Pinyin.csproj", "{2BE82669-BDB5-400D-B534-8310EA8CECF8}"
EndProject
Global
	GlobalSection(SolutionConfigurationPlatforms) = preSolution
		Debug|Any CPU = Debug|Any CPU
		Release|Any CPU = Release|Any CPU
	EndGlobalSection
	GlobalSection(ProjectConfigurationPlatforms) = postSolution
		{930E23A5-3FE2-434C-BDFD-1F9C0E0A2E92}.Debug|Any CPU.ActiveCfg = Debug|Any CPU
		{930E23A5-3FE2-434C-BDFD-1F9C0E0A2E92}.Debug|Any CPU.Build.0 = Debug|Any CPU
		{930E23A5-3FE2-434C-BDFD-1F9C0E0A2E92}.Release|Any CPU.ActiveCfg = Release|Any CPU
		{930E23A5-3FE2-434C-BDFD-1F9C0E0A2E92}.Release|Any CPU.Build.0 = Release|Any CPU
		{C35801C7-4A38-4AAF-856E-12E6FB7D62C3}.Debug|Any CPU.ActiveCfg = Debug|Any CPU
		{C35801C7-4A38-4AAF-856E-12E6FB7D62C3}.Debug|Any CPU.Build.0 = Debug|Any CPU
		{C35801C7-4A38-4AAF-856E-12E6FB7D62C3}.Release|Any CPU.ActiveCfg = Release|Any CPU
		{C35801C7-4A38-4AAF-856E-12E6FB7D62C3}.Release|Any CPU.Build.0 = Release|Any CPU
		{8C4181F4-0880-49B9-8E36-1C63EDD4A21E}.Debug|Any CPU.ActiveCfg = Debug|Any CPU
		{8C4181F4-0880-49B9-8E36-1C63EDD4A21E}.Debug|Any CPU.Build.0 = Debug|Any CPU
		{8C4181F4-0880-49B9-8E36-1C63EDD4A21E}.Release|Any CPU.ActiveCfg = Release|Any CPU
		{8C4181F4-0880-49B9-8E36-1C63EDD4A21E}.Release|Any CPU.Build.0 = Release|Any CPU
		{BBC0BBEA-78F2-4D30-941C-F6F494641443}.Debug|Any CPU.ActiveCfg = Debug|Any CPU
		{BBC0BBEA-78F2-4D30-941C-F6F494641443}.Debug|Any CPU.Build.0 = Debug|Any CPU
		{BBC0BBEA-78F2-4D30-941C-F6F494641443}.Release|Any CPU.ActiveCfg = Release|Any CPU
		{BBC0BBEA-78F2-4D30-941C-F6F494641443}.Release|Any CPU.Build.0 = Release|Any CPU
		{2EBF58BF-706E-4DF0-B64B-954CD96D3E74}.Debug|Any CPU.ActiveCfg = Debug|Any CPU
		{2EBF58BF-706E-4DF0-B64B-954CD96D3E74}.Debug|Any CPU.Build.0 = Debug|Any CPU
		{2EBF58BF-706E-4DF0-B64B-954CD96D3E74}.Release|Any CPU.ActiveCfg = Release|Any CPU
		{2EBF58BF-706E-4DF0-B64B-954CD96D3E74}.Release|Any CPU.Build.0 = Release|Any CPU
		{D6406DC1-18DF-4BE3-9C5F-EDE652586C37}.Debug|Any CPU.ActiveCfg = Debug|Any CPU
		{D6406DC1-18DF-4BE3-9C5F-EDE652586C37}.Debug|Any CPU.Build.0 = Debug|Any CPU
		{D6406DC1-18DF-4BE3-9C5F-EDE652586C37}.Release|Any CPU.ActiveCfg = Release|Any CPU
		{D6406DC1-18DF-4BE3-9C5F-EDE652586C37}.Release|Any CPU.Build.0 = Release|Any CPU
		{D3802023-6DC5-4211-BDE6-CDFA9F8F393A}.Debug|Any CPU.ActiveCfg = Debug|Any CPU
		{D3802023-6DC5-4211-BDE6-CDFA9F8F393A}.Debug|Any CPU.Build.0 = Debug|Any CPU
		{D3802023-6DC5-4211-BDE6-CDFA9F8F393A}.Release|Any CPU.ActiveCfg = Release|Any CPU
		{D3802023-6DC5-4211-BDE6-CDFA9F8F393A}.Release|Any CPU.Build.0 = Release|Any CPU
		{AB905395-2C54-45E0-8BEB-2B5AB4155715}.Debug|Any CPU.ActiveCfg = Debug|Any CPU
		{AB905395-2C54-45E0-8BEB-2B5AB4155715}.Debug|Any CPU.Build.0 = Debug|Any CPU
		{AB905395-2C54-45E0-8BEB-2B5AB4155715}.Release|Any CPU.ActiveCfg = Release|Any CPU
		{AB905395-2C54-45E0-8BEB-2B5AB4155715}.Release|Any CPU.Build.0 = Release|Any CPU
		{96EE24E5-2F41-4BCB-A2D6-5563975B6B49}.Debug|Any CPU.ActiveCfg = Debug|Any CPU
		{96EE24E5-2F41-4BCB-A2D6-5563975B6B49}.Debug|Any CPU.Build.0 = Debug|Any CPU
		{96EE24E5-2F41-4BCB-A2D6-5563975B6B49}.Release|Any CPU.ActiveCfg = Release|Any CPU
		{96EE24E5-2F41-4BCB-A2D6-5563975B6B49}.Release|Any CPU.Build.0 = Release|Any CPU
		{71793972-6F06-469A-855C-9D8F464B2A71}.Debug|Any CPU.ActiveCfg = Debug|Any CPU
		{71793972-6F06-469A-855C-9D8F464B2A71}.Debug|Any CPU.Build.0 = Debug|Any CPU
		{71793972-6F06-469A-855C-9D8F464B2A71}.Release|Any CPU.ActiveCfg = Release|Any CPU
		{71793972-6F06-469A-855C-9D8F464B2A71}.Release|Any CPU.Build.0 = Release|Any CPU
		{741CBA79-4DC9-4115-A0AF-679C4E71C4A8}.Debug|Any CPU.ActiveCfg = Debug|Any CPU
		{741CBA79-4DC9-4115-A0AF-679C4E71C4A8}.Debug|Any CPU.Build.0 = Debug|Any CPU
		{741CBA79-4DC9-4115-A0AF-679C4E71C4A8}.Release|Any CPU.ActiveCfg = Release|Any CPU
		{741CBA79-4DC9-4115-A0AF-679C4E71C4A8}.Release|Any CPU.Build.0 = Release|Any CPU
		{8A3ADE10-FA5B-4CFD-ADF2-EC264365F48B}.Debug|Any CPU.ActiveCfg = Debug|Any CPU
		{8A3ADE10-FA5B-4CFD-ADF2-EC264365F48B}.Debug|Any CPU.Build.0 = Debug|Any CPU
		{8A3ADE10-FA5B-4CFD-ADF2-EC264365F48B}.Release|Any CPU.ActiveCfg = Release|Any CPU
		{8A3ADE10-FA5B-4CFD-ADF2-EC264365F48B}.Release|Any CPU.Build.0 = Release|Any CPU
		{E28EF229-22BA-4556-8082-15D15427C361}.Debug|Any CPU.ActiveCfg = Debug|Any CPU
		{E28EF229-22BA-4556-8082-15D15427C361}.Debug|Any CPU.Build.0 = Debug|Any CPU
		{E28EF229-22BA-4556-8082-15D15427C361}.Release|Any CPU.ActiveCfg = Release|Any CPU
		{E28EF229-22BA-4556-8082-15D15427C361}.Release|Any CPU.Build.0 = Release|Any CPU
		{FEE8C2DE-533A-487D-BB6E-BA3CF682D471}.Debug|Any CPU.ActiveCfg = Debug|Any CPU
		{FEE8C2DE-533A-487D-BB6E-BA3CF682D471}.Debug|Any CPU.Build.0 = Debug|Any CPU
		{FEE8C2DE-533A-487D-BB6E-BA3CF682D471}.Release|Any CPU.ActiveCfg = Release|Any CPU
		{FEE8C2DE-533A-487D-BB6E-BA3CF682D471}.Release|Any CPU.Build.0 = Release|Any CPU
		{F6FF493F-C2BD-4DB9-9C01-D112E7C4001B}.Debug|Any CPU.ActiveCfg = Debug|Any CPU
		{F6FF493F-C2BD-4DB9-9C01-D112E7C4001B}.Debug|Any CPU.Build.0 = Debug|Any CPU
		{F6FF493F-C2BD-4DB9-9C01-D112E7C4001B}.Release|Any CPU.ActiveCfg = Release|Any CPU
		{F6FF493F-C2BD-4DB9-9C01-D112E7C4001B}.Release|Any CPU.Build.0 = Release|Any CPU
		{154FB1E6-51D8-45E1-9845-02E9F5815DC2}.Debug|Any CPU.ActiveCfg = Debug|Any CPU
		{154FB1E6-51D8-45E1-9845-02E9F5815DC2}.Debug|Any CPU.Build.0 = Debug|Any CPU
		{154FB1E6-51D8-45E1-9845-02E9F5815DC2}.Release|Any CPU.ActiveCfg = Release|Any CPU
		{154FB1E6-51D8-45E1-9845-02E9F5815DC2}.Release|Any CPU.Build.0 = Release|Any CPU
		{1E618464-6801-4634-9114-DAFED8F7413B}.Debug|Any CPU.ActiveCfg = Debug|Any CPU
		{1E618464-6801-4634-9114-DAFED8F7413B}.Debug|Any CPU.Build.0 = Debug|Any CPU
		{1E618464-6801-4634-9114-DAFED8F7413B}.Release|Any CPU.ActiveCfg = Release|Any CPU
		{1E618464-6801-4634-9114-DAFED8F7413B}.Release|Any CPU.Build.0 = Release|Any CPU
		{DD9EA17D-5D10-46CB-9102-F9213ED8768E}.Debug|Any CPU.ActiveCfg = Debug|Any CPU
		{DD9EA17D-5D10-46CB-9102-F9213ED8768E}.Debug|Any CPU.Build.0 = Debug|Any CPU
		{DD9EA17D-5D10-46CB-9102-F9213ED8768E}.Release|Any CPU.ActiveCfg = Release|Any CPU
		{DD9EA17D-5D10-46CB-9102-F9213ED8768E}.Release|Any CPU.Build.0 = Release|Any CPU
		{352E6B6A-439F-4999-B96D-45AB9B11503F}.Debug|Any CPU.ActiveCfg = Debug|Any CPU
		{352E6B6A-439F-4999-B96D-45AB9B11503F}.Debug|Any CPU.Build.0 = Debug|Any CPU
		{352E6B6A-439F-4999-B96D-45AB9B11503F}.Release|Any CPU.ActiveCfg = Release|Any CPU
		{352E6B6A-439F-4999-B96D-45AB9B11503F}.Release|Any CPU.Build.0 = Release|Any CPU
		{F8688C10-8B08-44DC-819B-486AEC9DA01A}.Debug|Any CPU.ActiveCfg = Debug|Any CPU
		{F8688C10-8B08-44DC-819B-486AEC9DA01A}.Debug|Any CPU.Build.0 = Debug|Any CPU
		{F8688C10-8B08-44DC-819B-486AEC9DA01A}.Release|Any CPU.ActiveCfg = Release|Any CPU
		{F8688C10-8B08-44DC-819B-486AEC9DA01A}.Release|Any CPU.Build.0 = Release|Any CPU
		{2BE82669-BDB5-400D-B534-8310EA8CECF8}.Debug|Any CPU.ActiveCfg = Debug|Any CPU
		{2BE82669-BDB5-400D-B534-8310EA8CECF8}.Debug|Any CPU.Build.0 = Debug|Any CPU
		{2BE82669-BDB5-400D-B534-8310EA8CECF8}.Release|Any CPU.ActiveCfg = Release|Any CPU
		{2BE82669-BDB5-400D-B534-8310EA8CECF8}.Release|Any CPU.Build.0 = Release|Any CPU
	EndGlobalSection
	GlobalSection(SolutionProperties) = preSolution
		HideSolutionNode = FALSE
	EndGlobalSection
	GlobalSection(NestedProjects) = preSolution
		{C35801C7-4A38-4AAF-856E-12E6FB7D62C3} = {19A5B87F-B2AE-4633-8823-7091E75A8101}
		{BBC0BBEA-78F2-4D30-941C-F6F494641443} = {19A5B87F-B2AE-4633-8823-7091E75A8101}
		{2EBF58BF-706E-4DF0-B64B-954CD96D3E74} = {703EED83-2678-46AF-B5D6-F0F6F18D7149}
		{D6406DC1-18DF-4BE3-9C5F-EDE652586C37} = {703EED83-2678-46AF-B5D6-F0F6F18D7149}
		{D3802023-6DC5-4211-BDE6-CDFA9F8F393A} = {19A5B87F-B2AE-4633-8823-7091E75A8101}
		{AB905395-2C54-45E0-8BEB-2B5AB4155715} = {57DB9BCD-488A-47BA-AB95-33636C6EA27A}
		{96EE24E5-2F41-4BCB-A2D6-5563975B6B49} = {57DB9BCD-488A-47BA-AB95-33636C6EA27A}
		{71793972-6F06-469A-855C-9D8F464B2A71} = {57DB9BCD-488A-47BA-AB95-33636C6EA27A}
		{741CBA79-4DC9-4115-A0AF-679C4E71C4A8} = {21307051-E9EE-4B02-A118-2ED4068E3974}
		{8A3ADE10-FA5B-4CFD-ADF2-EC264365F48B} = {21307051-E9EE-4B02-A118-2ED4068E3974}
		{E28EF229-22BA-4556-8082-15D15427C361} = {21307051-E9EE-4B02-A118-2ED4068E3974}
		{FEE8C2DE-533A-487D-BB6E-BA3CF682D471} = {19A5B87F-B2AE-4633-8823-7091E75A8101}
		{F6FF493F-C2BD-4DB9-9C01-D112E7C4001B} = {19A5B87F-B2AE-4633-8823-7091E75A8101}
		{154FB1E6-51D8-45E1-9845-02E9F5815DC2} = {19A5B87F-B2AE-4633-8823-7091E75A8101}
		{DD9EA17D-5D10-46CB-9102-F9213ED8768E} = {19A5B87F-B2AE-4633-8823-7091E75A8101}
	EndGlobalSection
EndGlobal
